
Microsoft Visual Studio Solution File, Format Version 12.00
# Visual Studio Version 17
VisualStudioVersion = 17.5.33516.290
MinimumVisualStudioVersion = 10.0.40219.1
Project("{9A19103F-16F7-4668-BE54-9A1E7A4F7556}") = "AttendanceRecorder", "AR\AttendanceRecorder.csproj", "{0A375AC0-8464-4871-B6C6-B76D53D4B596}"
EndProject
Project("{9A19103F-16F7-4668-BE54-9A1E7A4F7556}") = "Attendance_BusinessLayer", "Attendance_BusinessLayer\Attendance_BusinessLayer.csproj", "{50CE8E23-6F39-441A-A69C-6C445BC140F1}"
EndProject
Project("{9A19103F-16F7-4668-BE54-9A1E7A4F7556}") = "Attendance_DataLayer", "Attendance_DataLayer\Attendance_DataLayer.csproj", "{09C3F714-4AEC-444B-8B1B-5FB80905D22C}"
EndProject
Project("{9A19103F-16F7-4668-BE54-9A1E7A4F7556}") = "Attendance_Models", "Attendance_Models\Attendance_Models.csproj", "{068B574D-77C5-450E-BFB9-D5F238F01F19}"
EndProject
Project("{FAE04EC0-301F-11D3-BF4B-00C04F79EFBC}") = "UserInterface", "UserInterface\UserInterface.csproj", "{EAD0AEBA-90DA-452C-8420-6A8473A120EC}"
EndProject
Global
	GlobalSection(SolutionConfigurationPlatforms) = preSolution
		Debug|Any CPU = Debug|Any CPU
		Release|Any CPU = Release|Any CPU
	EndGlobalSection
	GlobalSection(ProjectConfigurationPlatforms) = postSolution
		{0A375AC0-8464-4871-B6C6-B76D53D4B596}.Debug|Any CPU.ActiveCfg = Debug|Any CPU
		{0A375AC0-8464-4871-B6C6-B76D53D4B596}.Debug|Any CPU.Build.0 = Debug|Any CPU
		{0A375AC0-8464-4871-B6C6-B76D53D4B596}.Release|Any CPU.ActiveCfg = Release|Any CPU
		{0A375AC0-8464-4871-B6C6-B76D53D4B596}.Release|Any CPU.Build.0 = Release|Any CPU
		{50CE8E23-6F39-441A-A69C-6C445BC140F1}.Debug|Any CPU.ActiveCfg = Debug|Any CPU
		{50CE8E23-6F39-441A-A69C-6C445BC140F1}.Debug|Any CPU.Build.0 = Debug|Any CPU
		{50CE8E23-6F39-441A-A69C-6C445BC140F1}.Release|Any CPU.ActiveCfg = Release|Any CPU
		{50CE8E23-6F39-441A-A69C-6C445BC140F1}.Release|Any CPU.Build.0 = Release|Any CPU
		{09C3F714-4AEC-444B-8B1B-5FB80905D22C}.Debug|Any CPU.ActiveCfg = Debug|Any CPU
		{09C3F714-4AEC-444B-8B1B-5FB80905D22C}.Debug|Any CPU.Build.0 = Debug|Any CPU
		{09C3F714-4AEC-444B-8B1B-5FB80905D22C}.Release|Any CPU.ActiveCfg = Release|Any CPU
		{09C3F714-4AEC-444B-8B1B-5FB80905D22C}.Release|Any CPU.Build.0 = Release|Any CPU
		{068B574D-77C5-450E-BFB9-D5F238F01F19}.Debug|Any CPU.ActiveCfg = Debug|Any CPU
		{068B574D-77C5-450E-BFB9-D5F238F01F19}.Debug|Any CPU.Build.0 = Debug|Any CPU
		{068B574D-77C5-450E-BFB9-D5F238F01F19}.Release|Any CPU.ActiveCfg = Release|Any CPU
		{068B574D-77C5-450E-BFB9-D5F238F01F19}.Release|Any CPU.Build.0 = Release|Any CPU
		{EAD0AEBA-90DA-452C-8420-6A8473A120EC}.Debug|Any CPU.ActiveCfg = Debug|Any CPU
		{EAD0AEBA-90DA-452C-8420-6A8473A120EC}.Debug|Any CPU.Build.0 = Debug|Any CPU
		{EAD0AEBA-90DA-452C-8420-6A8473A120EC}.Release|Any CPU.ActiveCfg = Release|Any CPU
		{EAD0AEBA-90DA-452C-8420-6A8473A120EC}.Release|Any CPU.Build.0 = Release|Any CPU
	EndGlobalSection
	GlobalSection(SolutionProperties) = preSolution
		HideSolutionNode = FALSE
	EndGlobalSection
	GlobalSection(ExtensibilityGlobals) = postSolution
		SolutionGuid = {1F60DADA-57FB-44B8-BC2F-0CC9B80E8390}
	EndGlobalSection
EndGlobal
